// !$*UTF8*$!
{
	archiveVersion = 1;
	classes = {
	};
	objectVersion = 77;
	objects = {

/* Begin PBXBuildFile section */
		6F439079E0A0CCEA81AFC6B0 /* StatusMenuView.swift in Sources */ = {isa = PBXBuildFile; fileRef = 2E2430731258FFD7AF398CC7 /* StatusMenuView.swift */; };
		B82BB33FEF6AACB10D296ACB /* CaffeinateIntents.swift in Sources */ = {isa = PBXBuildFile; fileRef = 12B4E366227AFA92A38B89DB /* CaffeinateIntents.swift */; };
		C8105E2A253EAE53E6FEFCAE /* CaffeinateService.swift in Sources */ = {isa = PBXBuildFile; fileRef = FC3857F8AD00A17FF0BAAC9B /* CaffeinateService.swift */; };
		C849AA7B81D2138ACECE87E8 /* CaffeinateController.swift in Sources */ = {isa = PBXBuildFile; fileRef = 36E7F2962E86312CA442468E /* CaffeinateController.swift */; };
		E1D01DC49F01DC3BBC9028E6 /* SpotlightCaffeinateApp.swift in Sources */ = {isa = PBXBuildFile; fileRef = 023F546C09192BEB6AF4065B /* SpotlightCaffeinateApp.swift */; };
		F04967BFFA7F4A4350D75D42 /* CaffeinateSnapshot.swift in Sources */ = {isa = PBXBuildFile; fileRef = 5140115420CD7C5CA54132A2 /* CaffeinateSnapshot.swift */; };
/* End PBXBuildFile section */

/* Begin PBXFileReference section */
		023F546C09192BEB6AF4065B /* SpotlightCaffeinateApp.swift */ = {isa = PBXFileReference; lastKnownFileType = sourcecode.swift; path = SpotlightCaffeinateApp.swift; sourceTree = "<group>"; };
		12B4E366227AFA92A38B89DB /* CaffeinateIntents.swift */ = {isa = PBXFileReference; lastKnownFileType = sourcecode.swift; path = CaffeinateIntents.swift; sourceTree = "<group>"; };
		2E2430731258FFD7AF398CC7 /* StatusMenuView.swift */ = {isa = PBXFileReference; lastKnownFileType = sourcecode.swift; path = StatusMenuView.swift; sourceTree = "<group>"; };
		36E7F2962E86312CA442468E /* CaffeinateController.swift */ = {isa = PBXFileReference; lastKnownFileType = sourcecode.swift; path = CaffeinateController.swift; sourceTree = "<group>"; };
		3E86A2FF81B718DE23ED2D7D /* SpotlightCaffeinate.app */ = {isa = PBXFileReference; explicitFileType = wrapper.application; includeInIndex = 0; path = SpotlightCaffeinate.app; sourceTree = BUILT_PRODUCTS_DIR; };
		5140115420CD7C5CA54132A2 /* CaffeinateSnapshot.swift */ = {isa = PBXFileReference; lastKnownFileType = sourcecode.swift; path = CaffeinateSnapshot.swift; sourceTree = "<group>"; };
		703E5325FF1425977F518A1B /* Info.plist */ = {isa = PBXFileReference; lastKnownFileType = text.plist; path = Info.plist; sourceTree = "<group>"; };
		FC3857F8AD00A17FF0BAAC9B /* CaffeinateService.swift */ = {isa = PBXFileReference; lastKnownFileType = sourcecode.swift; path = CaffeinateService.swift; sourceTree = "<group>"; };
/* End PBXFileReference section */

/* Begin PBXGroup section */
		039CDEC57C9EE1AA044B95C6 /* Products */ = {
			isa = PBXGroup;
			children = (
				3E86A2FF81B718DE23ED2D7D /* SpotlightCaffeinate.app */,
			);
			name = Products;
			sourceTree = "<group>";
		};
		076E038932B42C80E8B3D55F = {
			isa = PBXGroup;
			children = (
				086A8F09A3AE67DBCF948D21 /* SpotlightCaffeinate */,
				039CDEC57C9EE1AA044B95C6 /* Products */,
			);
			sourceTree = "<group>";
		};
		086A8F09A3AE67DBCF948D21 /* SpotlightCaffeinate */ = {
			isa = PBXGroup;
			children = (
				703E5325FF1425977F518A1B /* Info.plist */,
				217023042EB9E70E8FA11B24 /* App */,
				C50D78762444B8C2B110292B /* Intents */,
				6C5DEEB06E0ED304B85F2F9A /* Models */,
				52A25F8D699D557FC1DE0EBD /* Services */,
			);
			path = SpotlightCaffeinate;
			sourceTree = "<group>";
		};
		217023042EB9E70E8FA11B24 /* App */ = {
			isa = PBXGroup;
			children = (
				36E7F2962E86312CA442468E /* CaffeinateController.swift */,
				023F546C09192BEB6AF4065B /* SpotlightCaffeinateApp.swift */,
				2E2430731258FFD7AF398CC7 /* StatusMenuView.swift */,
			);
			path = App;
			sourceTree = "<group>";
		};
		52A25F8D699D557FC1DE0EBD /* Services */ = {
			isa = PBXGroup;
			children = (
				FC3857F8AD00A17FF0BAAC9B /* CaffeinateService.swift */,
			);
			path = Services;
			sourceTree = "<group>";
		};
		6C5DEEB06E0ED304B85F2F9A /* Models */ = {
			isa = PBXGroup;
			children = (
				5140115420CD7C5CA54132A2 /* CaffeinateSnapshot.swift */,
			);
			path = Models;
			sourceTree = "<group>";
		};
		C50D78762444B8C2B110292B /* Intents */ = {
			isa = PBXGroup;
			children = (
				12B4E366227AFA92A38B89DB /* CaffeinateIntents.swift */,
			);
			path = Intents;
			sourceTree = "<group>";
		};
/* End PBXGroup section */

/* Begin PBXNativeTarget section */
		72B2B7669E2C4D2162BF66CB /* SpotlightCaffeinate */ = {
			isa = PBXNativeTarget;
			buildConfigurationList = 3A0473B352A5AB67AF18540E /* Build configuration list for PBXNativeTarget "SpotlightCaffeinate" */;
			buildPhases = (
				CE7F8524044899D1787FDAC7 /* Sources */,
			);
			buildRules = (
			);
			dependencies = (
			);
			name = SpotlightCaffeinate;
			packageProductDependencies = (
			);
			productName = SpotlightCaffeinate;
			productReference = 3E86A2FF81B718DE23ED2D7D /* SpotlightCaffeinate.app */;
			productType = "com.apple.product-type.application";
		};
/* End PBXNativeTarget section */

/* Begin PBXProject section */
		D6DB98A510E1F0C43AD9A743 /* Project object */ = {
			isa = PBXProject;
			attributes = {
				BuildIndependentTargetsInParallel = YES;
				LastUpgradeCheck = 1430;
				TargetAttributes = {
					72B2B7669E2C4D2162BF66CB = {
						DevelopmentTeam = "";
						ProvisioningStyle = Automatic;
					};
				};
			};
			buildConfigurationList = E51A108E7D4298496821F5C9 /* Build configuration list for PBXProject "SpotlightCaffeinate" */;
			developmentRegion = en;
			hasScannedForEncodings = 0;
			knownRegions = (
				Base,
				en,
			);
			mainGroup = 076E038932B42C80E8B3D55F;
			minimizedProjectReferenceProxies = 1;
			preferredProjectObjectVersion = 77;
			productRefGroup = 039CDEC57C9EE1AA044B95C6 /* Products */;
			projectDirPath = "";
			projectRoot = "";
			targets = (
				72B2B7669E2C4D2162BF66CB /* SpotlightCaffeinate */,
			);
		};
/* End PBXProject section */

/* Begin PBXSourcesBuildPhase section */
		CE7F8524044899D1787FDAC7 /* Sources */ = {
			isa = PBXSourcesBuildPhase;
			buildActionMask = 2147483647;
			files = (
				C849AA7B81D2138ACECE87E8 /* CaffeinateController.swift in Sources */,
				B82BB33FEF6AACB10D296ACB /* CaffeinateIntents.swift in Sources */,
				C8105E2A253EAE53E6FEFCAE /* CaffeinateService.swift in Sources */,
				F04967BFFA7F4A4350D75D42 /* CaffeinateSnapshot.swift in Sources */,
				E1D01DC49F01DC3BBC9028E6 /* SpotlightCaffeinateApp.swift in Sources */,
				6F439079E0A0CCEA81AFC6B0 /* StatusMenuView.swift in Sources */,
			);
			runOnlyForDeploymentPostprocessing = 0;
		};
/* End PBXSourcesBuildPhase section */

/* Begin XCBuildConfiguration section */
		0D92CDEDEC80B3EE650DE46D /* Debug */ = {
			isa = XCBuildConfiguration;
			buildSettings = {
				ALWAYS_SEARCH_USER_PATHS = NO;
				CLANG_ANALYZER_NONNULL = YES;
				CLANG_ANALYZER_NUMBER_OBJECT_CONVERSION = YES_AGGRESSIVE;
				CLANG_CXX_LANGUAGE_STANDARD = "gnu++14";
				CLANG_CXX_LIBRARY = "libc++";
				CLANG_ENABLE_MODULES = YES;
				CLANG_ENABLE_OBJC_ARC = YES;
				CLANG_ENABLE_OBJC_WEAK = YES;
				CLANG_WARN_BLOCK_CAPTURE_AUTORELEASING = YES;
				CLANG_WARN_BOOL_CONVERSION = YES;
				CLANG_WARN_COMMA = YES;
				CLANG_WARN_CONSTANT_CONVERSION = YES;
				CLANG_WARN_DEPRECATED_OBJC_IMPLEMENTATIONS = YES;
				CLANG_WARN_DIRECT_OBJC_ISA_USAGE = YES_ERROR;
				CLANG_WARN_DOCUMENTATION_COMMENTS = YES;
				CLANG_WARN_EMPTY_BODY = YES;
				CLANG_WARN_ENUM_CONVERSION = YES;
				CLANG_WARN_INFINITE_RECURSION = YES;
				CLANG_WARN_INT_CONVERSION = YES;
				CLANG_WARN_NON_LITERAL_NULL_CONVERSION = YES;
				CLANG_WARN_OBJC_IMPLICIT_RETAIN_SELF = YES;
				CLANG_WARN_OBJC_LITERAL_CONVERSION = YES;
				CLANG_WARN_OBJC_ROOT_CLASS = YES_ERROR;
				CLANG_WARN_QUOTED_INCLUDE_IN_FRAMEWORK_HEADER = YES;
				CLANG_WARN_RANGE_LOOP_ANALYSIS = YES;
				CLANG_WARN_STRICT_PROTOTYPES = YES;
				CLANG_WARN_SUSPICIOUS_MOVE = YES;
				CLANG_WARN_UNGUARDED_AVAILABILITY = YES_AGGRESSIVE;
				CLANG_WARN_UNREACHABLE_CODE = YES;
				CLANG_WARN__DUPLICATE_METHOD_MATCH = YES;
				COPY_PHASE_STRIP = NO;
				CURRENT_PROJECT_VERSION = 1;
				DEBUG_INFORMATION_FORMAT = dwarf;
				ENABLE_STRICT_OBJC_MSGSEND = YES;
				ENABLE_TESTABILITY = YES;
				GCC_C_LANGUAGE_STANDARD = gnu11;
				GCC_DYNAMIC_NO_PIC = NO;
				GCC_NO_COMMON_BLOCKS = YES;
				GCC_OPTIMIZATION_LEVEL = 0;
				GCC_PREPROCESSOR_DEFINITIONS = (
					"$(inherited)",
					"DEBUG=1",
				);
				GCC_WARN_64_TO_32_BIT_CONVERSION = YES;
				GCC_WARN_ABOUT_RETURN_TYPE = YES_ERROR;
				GCC_WARN_UNDECLARED_SELECTOR = YES;
				GCC_WARN_UNINITIALIZED_AUTOS = YES_AGGRESSIVE;
				GCC_WARN_UNUSED_FUNCTION = YES;
				GCC_WARN_UNUSED_VARIABLE = YES;
				MARKETING_VERSION = 0.1.0;
				MTL_ENABLE_DEBUG_INFO = INCLUDE_SOURCE;
				MTL_FAST_MATH = YES;
				ONLY_ACTIVE_ARCH = YES;
				PRODUCT_NAME = "$(TARGET_NAME)";
				SDKROOT = macosx;
				SWIFT_ACTIVE_COMPILATION_CONDITIONS = DEBUG;
				SWIFT_OPTIMIZATION_LEVEL = "-Onone";
				SWIFT_VERSION = 6.0;
			};
			name = Debug;
		};
		0EAEB76654811FB00C7B90CF /* Debug */ = {
			isa = XCBuildConfiguration;
			buildSettings = {
				ASSETCATALOG_COMPILER_APPICON_NAME = AppIcon;
				CODE_SIGN_STYLE = Automatic;
				COMBINE_HIDPI_IMAGES = YES;
				DEVELOPMENT_TEAM = "";
				GENERATE_INFOPLIST_FILE = NO;
				INFOPLIST_FILE = SpotlightCaffeinate/Info.plist;
				LD_RUNPATH_SEARCH_PATHS = (
					"$(inherited)",
					"@executable_path/../Frameworks",
				);
				MACOSX_DEPLOYMENT_TARGET = 26.0;
				PRODUCT_BUNDLE_IDENTIFIER = io.taylorfinklea.spotlightcaffeinate;
				PRODUCT_NAME = "Spotlight Caffeinate";
				SDKROOT = macosx;
			};
			name = Debug;
		};
		2D4EF215F32BDFECAB46DC99 /* Release */ = {
			isa = XCBuildConfiguration;
			buildSettings = {
				ALWAYS_SEARCH_USER_PATHS = NO;
				CLANG_ANALYZER_NONNULL = YES;
				CLANG_ANALYZER_NUMBER_OBJECT_CONVERSION = YES_AGGRESSIVE;
				CLANG_CXX_LANGUAGE_STANDARD = "gnu++14";
				CLANG_CXX_LIBRARY = "libc++";
				CLANG_ENABLE_MODULES = YES;
				CLANG_ENABLE_OBJC_ARC = YES;
				CLANG_ENABLE_OBJC_WEAK = YES;
				CLANG_WARN_BLOCK_CAPTURE_AUTORELEASING = YES;
				CLANG_WARN_BOOL_CONVERSION = YES;
				CLANG_WARN_COMMA = YES;
				CLANG_WARN_CONSTANT_CONVERSION = YES;
				CLANG_WARN_DEPRECATED_OBJC_IMPLEMENTATIONS = YES;
				CLANG_WARN_DIRECT_OBJC_ISA_USAGE = YES_ERROR;
				CLANG_WARN_DOCUMENTATION_COMMENTS = YES;
				CLANG_WARN_EMPTY_BODY = YES;
				CLANG_WARN_ENUM_CONVERSION = YES;
				CLANG_WARN_INFINITE_RECURSION = YES;
				CLANG_WARN_INT_CONVERSION = YES;
				CLANG_WARN_NON_LITERAL_NULL_CONVERSION = YES;
				CLANG_WARN_OBJC_IMPLICIT_RETAIN_SELF = YES;
				CLANG_WARN_OBJC_LITERAL_CONVERSION = YES;
				CLANG_WARN_OBJC_ROOT_CLASS = YES_ERROR;
				CLANG_WARN_QUOTED_INCLUDE_IN_FRAMEWORK_HEADER = YES;
				CLANG_WARN_RANGE_LOOP_ANALYSIS = YES;
				CLANG_WARN_STRICT_PROTOTYPES = YES;
				CLANG_WARN_SUSPICIOUS_MOVE = YES;
				CLANG_WARN_UNGUARDED_AVAILABILITY = YES_AGGRESSIVE;
				CLANG_WARN_UNREACHABLE_CODE = YES;
				CLANG_WARN__DUPLICATE_METHOD_MATCH = YES;
				COPY_PHASE_STRIP = NO;
				CURRENT_PROJECT_VERSION = 1;
				DEBUG_INFORMATION_FORMAT = "dwarf-with-dsym";
				ENABLE_NS_ASSERTIONS = NO;
				ENABLE_STRICT_OBJC_MSGSEND = YES;
				GCC_C_LANGUAGE_STANDARD = gnu11;
				GCC_NO_COMMON_BLOCKS = YES;
				GCC_WARN_64_TO_32_BIT_CONVERSION = YES;
				GCC_WARN_ABOUT_RETURN_TYPE = YES_ERROR;
				GCC_WARN_UNDECLARED_SELECTOR = YES;
				GCC_WARN_UNINITIALIZED_AUTOS = YES_AGGRESSIVE;
				GCC_WARN_UNUSED_FUNCTION = YES;
				GCC_WARN_UNUSED_VARIABLE = YES;
				MARKETING_VERSION = 0.1.0;
				MTL_ENABLE_DEBUG_INFO = NO;
				MTL_FAST_MATH = YES;
				PRODUCT_NAME = "$(TARGET_NAME)";
				SDKROOT = macosx;
				SWIFT_COMPILATION_MODE = wholemodule;
				SWIFT_OPTIMIZATION_LEVEL = "-O";
				SWIFT_VERSION = 6.0;
			};
			name = Release;
		};
		B0565CE05EA2E01B02A6AD53 /* Release */ = {
			isa = XCBuildConfiguration;
			buildSettings = {
				ASSETCATALOG_COMPILER_APPICON_NAME = AppIcon;
				CODE_SIGN_STYLE = Automatic;
				COMBINE_HIDPI_IMAGES = YES;
				DEVELOPMENT_TEAM = "";
				GENERATE_INFOPLIST_FILE = NO;
				INFOPLIST_FILE = SpotlightCaffeinate/Info.plist;
				LD_RUNPATH_SEARCH_PATHS = (
					"$(inherited)",
					"@executable_path/../Frameworks",
				);
				MACOSX_DEPLOYMENT_TARGET = 26.0;
				PRODUCT_BUNDLE_IDENTIFIER = io.taylorfinklea.spotlightcaffeinate;
				PRODUCT_NAME = "Spotlight Caffeinate";
				SDKROOT = macosx;
			};
			name = Release;
		};
/* End XCBuildConfiguration section */

/* Begin XCConfigurationList section */
		3A0473B352A5AB67AF18540E /* Build configuration list for PBXNativeTarget "SpotlightCaffeinate" */ = {
			isa = XCConfigurationList;
			buildConfigurations = (
				0EAEB76654811FB00C7B90CF /* Debug */,
				B0565CE05EA2E01B02A6AD53 /* Release */,
			);
			defaultConfigurationIsVisible = 0;
			defaultConfigurationName = Debug;
		};
		E51A108E7D4298496821F5C9 /* Build configuration list for PBXProject "SpotlightCaffeinate" */ = {
			isa = XCConfigurationList;
			buildConfigurations = (
				0D92CDEDEC80B3EE650DE46D /* Debug */,
				2D4EF215F32BDFECAB46DC99 /* Release */,
			);
			defaultConfigurationIsVisible = 0;
			defaultConfigurationName = Debug;
		};
/* End XCConfigurationList section */
	};
	rootObject = D6DB98A510E1F0C43AD9A743 /* Project object */;
}
